
Microsoft Visual Studio Solution File, Format Version 12.00
# Visual Studio Version 16
VisualStudioVersion = 16.0.29020.237
MinimumVisualStudioVersion = 10.0.40219.1
Project("{FAE04EC0-301F-11D3-BF4B-00C04F79EFBC}") = "papagoTest", "papagoTest\papagoTest.csproj", "{367698A7-6533-4F00-86ED-09A84C08573A}"
EndProject
Global
	GlobalSection(SolutionConfigurationPlatforms) = preSolution
		Debug|Any CPU = Debug|Any CPU
		Release|Any CPU = Release|Any CPU
	EndGlobalSection
	GlobalSection(ProjectConfigurationPlatforms) = postSolution
		{367698A7-6533-4F00-86ED-09A84C08573A}.Debug|Any CPU.ActiveCfg = Debug|Any CPU
		{367698A7-6533-4F00-86ED-09A84C08573A}.Debug|Any CPU.Build.0 = Debug|Any CPU
		{367698A7-6533-4F00-86ED-09A84C08573A}.Release|Any CPU.ActiveCfg = Release|Any CPU
		{367698A7-6533-4F00-86ED-09A84C08573A}.Release|Any CPU.Build.0 = Release|Any CPU
	EndGlobalSection
	GlobalSection(SolutionProperties) = preSolution
		HideSolutionNode = FALSE
	EndGlobalSection
	GlobalSection(ExtensibilityGlobals) = postSolution
		SolutionGuid = {B7AB17A1-5841-4DF1-9C7A-613FB8128155}
	EndGlobalSection
EndGlobal
